
Microsoft Visual Studio Solution File, Format Version 12.00
# Visual Studio Version 17
VisualStudioVersion = 17.14.36623.8 d17.14
MinimumVisualStudioVersion = 10.0.40219.1
Project("{FAE04EC0-301F-11D3-BF4B-00C04F79EFBC}") = "hali_takip", "hali_takip\hali_takip.csproj", "{21CF253B-09B0-4036-8C07-A849C686F80F}"
EndProject
Global
	GlobalSection(SolutionConfigurationPlatforms) = preSolution
		Debug|Any CPU = Debug|Any CPU
		Release|Any CPU = Release|Any CPU
	EndGlobalSection
	GlobalSection(ProjectConfigurationPlatforms) = postSolution
		{21CF253B-09B0-4036-8C07-A849C686F80F}.Debug|Any CPU.ActiveCfg = Debug|Any CPU
		{21CF253B-09B0-4036-8C07-A849C686F80F}.Debug|Any CPU.Build.0 = Debug|Any CPU
		{21CF253B-09B0-4036-8C07-A849C686F80F}.Release|Any CPU.ActiveCfg = Release|Any CPU
		{21CF253B-09B0-4036-8C07-A849C686F80F}.Release|Any CPU.Build.0 = Release|Any CPU
	EndGlobalSection
	GlobalSection(SolutionProperties) = preSolution
		HideSolutionNode = FALSE
	EndGlobalSection
	GlobalSection(ExtensibilityGlobals) = postSolution
		SolutionGuid = {E6FFA572-2798-4D49-9EE1-500352C37904}
	EndGlobalSection
EndGlobal
